
Microsoft Visual Studio Solution File, Format Version 12.00
# Visual Studio Version 17
VisualStudioVersion = 17.12.35506.116 d17.12
MinimumVisualStudioVersion = 10.0.40219.1
Project("{FAE04EC0-301F-11D3-BF4B-00C04F79EFBC}") = "EFCoreClasses", "EFCoreClasses\EFCoreClasses.csproj", "{4A32CF92-9866-47E3-AFBC-81272131B0BA}"
EndProject
Project("{FAE04EC0-301F-11D3-BF4B-00C04F79EFBC}") = "LibraryManagementAPI", "LibraryManagementAPI\LibraryManagementAPI.csproj", "{04BBC610-FD9C-43DC-AD0F-19C234EC009A}"
	ProjectSection(ProjectDependencies) = postProject
		{4A32CF92-9866-47E3-AFBC-81272131B0BA} = {4A32CF92-9866-47E3-AFBC-81272131B0BA}
	EndProjectSection
EndProject
Global
	GlobalSection(SolutionConfigurationPlatforms) = preSolution
		Debug|Any CPU = Debug|Any CPU
		Release|Any CPU = Release|Any CPU
	EndGlobalSection
	GlobalSection(ProjectConfigurationPlatforms) = postSolution
		{4A32CF92-9866-47E3-AFBC-81272131B0BA}.Debug|Any CPU.ActiveCfg = Debug|Any CPU
		{4A32CF92-9866-47E3-AFBC-81272131B0BA}.Debug|Any CPU.Build.0 = Debug|Any CPU
		{4A32CF92-9866-47E3-AFBC-81272131B0BA}.Release|Any CPU.ActiveCfg = Release|Any CPU
		{4A32CF92-9866-47E3-AFBC-81272131B0BA}.Release|Any CPU.Build.0 = Release|Any CPU
		{04BBC610-FD9C-43DC-AD0F-19C234EC009A}.Debug|Any CPU.ActiveCfg = Debug|Any CPU
		{04BBC610-FD9C-43DC-AD0F-19C234EC009A}.Debug|Any CPU.Build.0 = Debug|Any CPU
		{04BBC610-FD9C-43DC-AD0F-19C234EC009A}.Release|Any CPU.ActiveCfg = Release|Any CPU
		{04BBC610-FD9C-43DC-AD0F-19C234EC009A}.Release|Any CPU.Build.0 = Release|Any CPU
	EndGlobalSection
	GlobalSection(SolutionProperties) = preSolution
		HideSolutionNode = FALSE
	EndGlobalSection
EndGlobal
